
Microsoft Visual Studio Solution File, Format Version 11.00
# Visual Studio 2010
Project("{FAE04EC0-301F-11D3-BF4B-00C04F79EFBC}") = "TomorrowSoft.Framework", "TomorrowSoft.Framework\TomorrowSoft.Framework.csproj", "{6DD66F0F-3A0B-4EF9-99FC-29B0B4DBD99D}"
EndProject
Project("{FAE04EC0-301F-11D3-BF4B-00C04F79EFBC}") = "TomorrowSoft.Framework.Test", "TomorrowSoft.Framework.Test\TomorrowSoft.Framework.Test.csproj", "{0732D800-2204-4377-BD10-64AABDE9E0FF}"
EndProject
Global
	GlobalSection(SolutionConfigurationPlatforms) = preSolution
		Debug|Any CPU = Debug|Any CPU
		Release|Any CPU = Release|Any CPU
	EndGlobalSection
	GlobalSection(ProjectConfigurationPlatforms) = postSolution
		{6DD66F0F-3A0B-4EF9-99FC-29B0B4DBD99D}.Debug|Any CPU.ActiveCfg = Debug|Any CPU
		{6DD66F0F-3A0B-4EF9-99FC-29B0B4DBD99D}.Debug|Any CPU.Build.0 = Debug|Any CPU
		{6DD66F0F-3A0B-4EF9-99FC-29B0B4DBD99D}.Release|Any CPU.ActiveCfg = Release|Any CPU
		{6DD66F0F-3A0B-4EF9-99FC-29B0B4DBD99D}.Release|Any CPU.Build.0 = Release|Any CPU
		{0732D800-2204-4377-BD10-64AABDE9E0FF}.Debug|Any CPU.ActiveCfg = Debug|Any CPU
		{0732D800-2204-4377-BD10-64AABDE9E0FF}.Debug|Any CPU.Build.0 = Debug|Any CPU
		{0732D800-2204-4377-BD10-64AABDE9E0FF}.Release|Any CPU.ActiveCfg = Release|Any CPU
		{0732D800-2204-4377-BD10-64AABDE9E0FF}.Release|Any CPU.Build.0 = Release|Any CPU
	EndGlobalSection
	GlobalSection(SolutionProperties) = preSolution
		HideSolutionNode = FALSE
	EndGlobalSection
	GlobalSection(ExtensibilityGlobals) = postSolution
		VisualSVNWorkingCopyRoot = .
	EndGlobalSection
EndGlobal
